{
  "lockfile_version": "1",
  "packages": {
    "curl": {
      "resolved": "github:NixOS/nixpkgs/75a52265bda7fd25e06e3a67dee3f0354e73243c#curl",
      "source": "nixpkg"
    },
    "glow": {
      "resolved": "github:NixOS/nixpkgs/75a52265bda7fd25e06e3a67dee3f0354e73243c#glow",
      "source": "nixpkg"
    },
    "gnuplot": {
      "resolved": "github:NixOS/nixpkgs/75a52265bda7fd25e06e3a67dee3f0354e73243c#gnuplot",
      "source": "nixpkg"
    },
    "go@latest": {
      "last_modified": "2024-04-19T17:36:04-04:00",
      "resolved": "github:NixOS/nixpkgs/92d295f588631b0db2da509f381b4fb1e74173c5#go",
      "source": "devbox-search",
      "version": "1.22.2",
      "systems": {
        "aarch64-darwin": {
          "outputs": [
            {
              "name": "out",
              "path": "/nix/store/x7gzwywk7mvjamdyc4n45fh62jks7lma-go-1.22.2",
              "default": true
            }
          ],
          "store_path": "/nix/store/x7gzwywk7mvjamdyc4n45fh62jks7lma-go-1.22.2"
        },
        "aarch64-linux": {
          "outputs": [
            {
              "name": "out",
              "path": "/nix/store/ka1iykac1bfvy98p9g2ii3xn2fnl98cn-go-1.22.2",
              "default": true
            }
          ],
          "store_path": "/nix/store/ka1iykac1bfvy98p9g2ii3xn2fnl98cn-go-1.22.2"
        },
        "x86_64-darwin": {
          "outputs": [
            {
              "name": "out",
              "path": "/nix/store/s26vypls3i2rvprj2jq7l1ypb5y12mq9-go-1.22.2",
              "default": true
            }
          ],
          "store_path": "/nix/store/s26vypls3i2rvprj2jq7l1ypb5y12mq9-go-1.22.2"
        },
        "x86_64-linux": {
          "outputs": [
            {
              "name": "out",
              "path": "/nix/store/9kriq85qac7phcxgpdqbqr25vlr61ifw-go-1.22.2",
              "default": true
            }
          ],
          "store_path": "/nix/store/9kriq85qac7phcxgpdqbqr25vlr61ifw-go-1.22.2"
        }
      }
    },
    "graphviz": {
      "resolved": "github:NixOS/nixpkgs/75a52265bda7fd25e06e3a67dee3f0354e73243c#graphviz",
      "source": "nixpkg"
    },
    "ruby_3_1": {
      "plugin_version": "0.0.2",
      "resolved": "github:NixOS/nixpkgs/75a52265bda7fd25e06e3a67dee3f0354e73243c#ruby_3_1",
      "source": "nixpkg"
    }
  }
}
